{
  "version": 2,
  "dependencies": {
    "net10.0": {
      "Azure.Communication.Email": {
        "type": "Direct",
        "requested": "[1.1.0, )",
        "resolved": "1.1.0",
        "contentHash": "yR0QWbrvM/RvOxrkFWaPqzltAiF/MGoVhjm++UkEpXvN00Brc/LevJXeg2BUVbIucoxx+kKW7HTAzGKspFh8Vg==",
        "dependencies": {
          "Azure.Core": "1.49.0"
        }
      },
      "Microsoft.DotNet.ILCompiler": {
        "type": "Direct",
        "requested": "[10.0.12, )",
        "resolved": "10.0.12",
        "contentHash": "AawF393Q+VkdrnrnI1gu612zh5iqpa1AGSvnKCQ3IkMgSKJXIQbO1sXYRgEzOU4f0cPZ6MaCCF29xZSGWlmbuQ=="
      },
      "Microsoft.NET.ILLink.Tasks": {
        "type": "Direct",
        "requested": "[10.0.12, )",
        "resolved": "10.0.12",
        "contentHash": "xi+BDjFpW+Sb+MHFHaH6Y/gV9I8BluFwRXc1QyCdoZbIK26eNiBeFuMTe/FMwc33G1wdHCyDg7CVTmb8OdQrMQ=="
      },
      "Azure.Core": {
        "type": "Transitive",
        "resolved": "1.49.0",
        "contentHash": "wmY5VEEVTBJN+8KVB6qSVZYDCMpHs1UXooOijx/NH7OsMtK92NlxhPBpPyh4cR+07R/zyDGvA5+Fss4TpwlO+g==",
        "dependencies": {
          "Microsoft.Bcl.AsyncInterfaces": "8.0.0",
          "System.ClientModel": "1.7.0",
          "System.Memory.Data": "8.0.1"
        }
      },
      "Microsoft.Bcl.AsyncInterfaces": {
        "type": "Transitive",
        "resolved": "8.0.0",
        "contentHash": "3WA9q9yVqJp222P3x1wYIGDAkpjAku0TMUaaQV22g6L67AI0LdOIrVS7Ht2vJfLHGSPVuqN94vIr15qn+HEkHw=="
      },
      "Microsoft.Extensions.DependencyInjection.Abstractions": {
        "type": "Transitive",
        "resolved": "8.0.2",
        "contentHash": "3iE7UF7MQkCv1cxzCahz+Y/guQbTqieyxyaWKhrRO91itI9cOKO76OHeQDahqG4MmW5umr3CcCvGmK92lWNlbg=="
      },
      "Microsoft.Extensions.Logging.Abstractions": {
        "type": "Transitive",
        "resolved": "8.0.3",
        "contentHash": "dL0QGToTxggRLMYY4ZYX5AMwBb+byQBd/5dMiZE07Nv73o6I5Are3C7eQTh7K2+A4ct0PVISSr7TZANbiNb2yQ==",
        "dependencies": {
          "Microsoft.Extensions.DependencyInjection.Abstractions": "8.0.2"
        }
      },
      "System.ClientModel": {
        "type": "Transitive",
        "resolved": "1.7.0",
        "contentHash": "NKKA3/O6B7PxmtIzOifExHdfoWthy3AD4EZ1JfzcZU8yGZTbYrK1qvXsHUL/1yQKKqWSKgIR1Ih/yf2gOaHc4w==",
        "dependencies": {
          "Microsoft.Extensions.Logging.Abstractions": "8.0.3",
          "System.Memory.Data": "8.0.1"
        }
      },
      "System.Memory.Data": {
        "type": "Transitive",
        "resolved": "8.0.1",
        "contentHash": "BVYuec3jV23EMRDeR7Dr1/qhx7369dZzJ9IWy2xylvb4YfXsrUxspWc4UWYid/tj4zZK58uGZqn2WQiaDMhmAg=="
      }
    },
    "net10.0/linux-arm64": {
      "Microsoft.DotNet.ILCompiler": {
        "type": "Direct",
        "requested": "[10.0.12, )",
        "resolved": "10.0.12",
        "contentHash": "AawF393Q+VkdrnrnI1gu612zh5iqpa1AGSvnKCQ3IkMgSKJXIQbO1sXYRgEzOU4f0cPZ6MaCCF29xZSGWlmbuQ==",
        "dependencies": {
          "runtime.linux-arm64.Microsoft.DotNet.ILCompiler": "10.0.12"
        }
      },
      "runtime.linux-arm64.Microsoft.DotNet.ILCompiler": {
        "type": "Transitive",
        "resolved": "10.0.12",
        "contentHash": "/5+mHi8hwnpAh0Uut3VVoungKmx5lER+c9T11qlt9Geqpm3j28eTnay6kQnWdegcGgXBhdLN/iY09yPR8GukeQ=="
      }
    },
    "net10.0/linux-x64": {
      "Microsoft.DotNet.ILCompiler": {
        "type": "Direct",
        "requested": "[10.0.12, )",
        "resolved": "10.0.12",
        "contentHash": "AawF393Q+VkdrnrnI1gu612zh5iqpa1AGSvnKCQ3IkMgSKJXIQbO1sXYRgEzOU4f0cPZ6MaCCF29xZSGWlmbuQ==",
        "dependencies": {
          "runtime.linux-x64.Microsoft.DotNet.ILCompiler": "10.0.12"
        }
      },
      "runtime.linux-x64.Microsoft.DotNet.ILCompiler": {
        "type": "Transitive",
        "resolved": "10.0.12",
        "contentHash": "wAa+LAE6+Bkd+pEJvGdnQU8PZQRzvhurpQ4hzsOTpRuedIq1kunJcz86xBCBlzsc+QlVdCKVUPzEfB3uYVB7Gw=="
      }
    },
    "net10.0/win-x64": {
      "Microsoft.DotNet.ILCompiler": {
        "type": "Direct",
        "requested": "[10.0.12, )",
        "resolved": "10.0.12",
        "contentHash": "AawF393Q+VkdrnrnI1gu612zh5iqpa1AGSvnKCQ3IkMgSKJXIQbO1sXYRgEzOU4f0cPZ6MaCCF29xZSGWlmbuQ==",
        "dependencies": {
          "runtime.win-x64.Microsoft.DotNet.ILCompiler": "10.0.12"
        }
      },
      "runtime.win-x64.Microsoft.DotNet.ILCompiler": {
        "type": "Transitive",
        "resolved": "10.0.12",
        "contentHash": "clsgU9GnioCJ+PBzQTCoJHxLXRU+7O/BzYrwRT8CUP7jgyYjNgJmNsQ/kbzAA7MG5kDvFoFvIBGHGzYdINh/EQ=="
      }
    }
  }
}